
Microsoft Visual Studio Solution File, Format Version 12.00
# Visual Studio 15
VisualStudioVersion = 15.0.26430.14
MinimumVisualStudioVersion = 10.0.40219.1
Project("{D954291E-2A0B-460D-934E-DC6B0785DB48}") = "HelloXamarin", "HelloXamarin\HelloXamarin\HelloXamarin.shproj", "{280E8D17-16C0-401D-A81F-CB7A0274026E}"
EndProject
Project("{FAE04EC0-301F-11D3-BF4B-00C04F79EFBC}") = "HelloXamarin.Android", "HelloXamarin\HelloXamarin.Android\HelloXamarin.Android.csproj", "{5496687E-337A-46D7-BA75-6763ADC452DF}"
EndProject
Project("{FAE04EC0-301F-11D3-BF4B-00C04F79EFBC}") = "HelloXamarin.iOS", "HelloXamarin\HelloXamarin.iOS\HelloXamarin.iOS.csproj", "{7F0FD45C-CD34-408F-A38D-854E6AEB4F04}"
EndProject
Project("{FAE04EC0-301F-11D3-BF4B-00C04F79EFBC}") = "HelloXamarin.UWP", "HelloXamarin\HelloXamarin.UWP\HelloXamarin.UWP.csproj", "{6F183DFD-76B7-4ED9-B632-49DB3DE632FA}"
EndProject
Global
	GlobalSection(SharedMSBuildProjectFiles) = preSolution
		HelloXamarin\HelloXamarin\HelloXamarin.projitems*{280e8d17-16c0-401d-a81f-cb7a0274026e}*SharedItemsImports = 13
		HelloXamarin\HelloXamarin\HelloXamarin.projitems*{5496687e-337a-46d7-ba75-6763adc452df}*SharedItemsImports = 4
		HelloXamarin\HelloXamarin\HelloXamarin.projitems*{6f183dfd-76b7-4ed9-b632-49db3de632fa}*SharedItemsImports = 4
		HelloXamarin\HelloXamarin\HelloXamarin.projitems*{7f0fd45c-cd34-408f-a38d-854e6aeb4f04}*SharedItemsImports = 4
	EndGlobalSection
	GlobalSection(SolutionConfigurationPlatforms) = preSolution
		Ad-Hoc|Any CPU = Ad-Hoc|Any CPU
		Ad-Hoc|ARM = Ad-Hoc|ARM
		Ad-Hoc|iPhone = Ad-Hoc|iPhone
		Ad-Hoc|iPhoneSimulator = Ad-Hoc|iPhoneSimulator
		Ad-Hoc|x64 = Ad-Hoc|x64
		Ad-Hoc|x86 = Ad-Hoc|x86
		AppStore|Any CPU = AppStore|Any CPU
		AppStore|ARM = AppStore|ARM
		AppStore|iPhone = AppStore|iPhone
		AppStore|iPhoneSimulator = AppStore|iPhoneSimulator
		AppStore|x64 = AppStore|x64
		AppStore|x86 = AppStore|x86
		Debug|Any CPU = Debug|Any CPU
		Debug|ARM = Debug|ARM
		Debug|iPhone = Debug|iPhone
		Debug|iPhoneSimulator = Debug|iPhoneSimulator
		Debug|x64 = Debug|x64
		Debug|x86 = Debug|x86
		Release|Any CPU = Release|Any CPU
		Release|ARM = Release|ARM
		Release|iPhone = Release|iPhone
		Release|iPhoneSimulator = Release|iPhoneSimulator
		Release|x64 = Release|x64
		Release|x86 = Release|x86
	EndGlobalSection
	GlobalSection(ProjectConfigurationPlatforms) = postSolution
		{5496687E-337A-46D7-BA75-6763ADC452DF}.Ad-Hoc|Any CPU.ActiveCfg = Release|Any CPU
		{5496687E-337A-46D7-BA75-6763ADC452DF}.Ad-Hoc|Any CPU.Build.0 = Release|Any CPU
		{5496687E-337A-46D7-BA75-6763ADC452DF}.Ad-Hoc|Any CPU.Deploy.0 = Release|Any CPU
		{5496687E-337A-46D7-BA75-6763ADC452DF}.Ad-Hoc|ARM.ActiveCfg = Release|Any CPU
		{5496687E-337A-46D7-BA75-6763ADC452DF}.Ad-Hoc|ARM.Build.0 = Release|Any CPU
		{5496687E-337A-46D7-BA75-6763ADC452DF}.Ad-Hoc|ARM.Deploy.0 = Release|Any CPU
		{5496687E-337A-46D7-BA75-6763ADC452DF}.Ad-Hoc|iPhone.ActiveCfg = Release|Any CPU
		{5496687E-337A-46D7-BA75-6763ADC452DF}.Ad-Hoc|iPhone.Build.0 = Release|Any CPU
		{5496687E-337A-46D7-BA75-6763ADC452DF}.Ad-Hoc|iPhone.Deploy.0 = Release|Any CPU
		{5496687E-337A-46D7-BA75-6763ADC452DF}.Ad-Hoc|iPhoneSimulator.ActiveCfg = Release|Any CPU
		{5496687E-337A-46D7-BA75-6763ADC452DF}.Ad-Hoc|iPhoneSimulator.Build.0 = Release|Any CPU
		{5496687E-337A-46D7-BA75-6763ADC452DF}.Ad-Hoc|iPhoneSimulator.Deploy.0 = Release|Any CPU
		{5496687E-337A-46D7-BA75-6763ADC452DF}.Ad-Hoc|x64.ActiveCfg = Release|Any CPU
		{5496687E-337A-46D7-BA75-6763ADC452DF}.Ad-Hoc|x64.Build.0 = Release|Any CPU
		{5496687E-337A-46D7-BA75-6763ADC452DF}.Ad-Hoc|x64.Deploy.0 = Release|Any CPU
		{5496687E-337A-46D7-BA75-6763ADC452DF}.Ad-Hoc|x86.ActiveCfg = Release|Any CPU
		{5496687E-337A-46D7-BA75-6763ADC452DF}.Ad-Hoc|x86.Build.0 = Release|Any CPU
		{5496687E-337A-46D7-BA75-6763ADC452DF}.Ad-Hoc|x86.Deploy.0 = Release|Any CPU
		{5496687E-337A-46D7-BA75-6763ADC452DF}.AppStore|Any CPU.ActiveCfg = Release|Any CPU
		{5496687E-337A-46D7-BA75-6763ADC452DF}.AppStore|Any CPU.Build.0 = Release|Any CPU
		{5496687E-337A-46D7-BA75-6763ADC452DF}.AppStore|Any CPU.Deploy.0 = Release|Any CPU
		{5496687E-337A-46D7-BA75-6763ADC452DF}.AppStore|ARM.ActiveCfg = Release|Any CPU
		{5496687E-337A-46D7-BA75-6763ADC452DF}.AppStore|ARM.Build.0 = Release|Any CPU
		{5496687E-337A-46D7-BA75-6763ADC452DF}.AppStore|ARM.Deploy.0 = Release|Any CPU
		{5496687E-337A-46D7-BA75-6763ADC452DF}.AppStore|iPhone.ActiveCfg = Release|Any CPU
		{5496687E-337A-46D7-BA75-6763ADC452DF}.AppStore|iPhone.Build.0 = Release|Any CPU
		{5496687E-337A-46D7-BA75-6763ADC452DF}.AppStore|iPhone.Deploy.0 = Release|Any CPU
		{5496687E-337A-46D7-BA75-6763ADC452DF}.AppStore|iPhoneSimulator.ActiveCfg = Release|Any CPU
		{5496687E-337A-46D7-BA75-6763ADC452DF}.AppStore|iPhoneSimulator.Build.0 = Release|Any CPU
		{5496687E-337A-46D7-BA75-6763ADC452DF}.AppStore|iPhoneSimulator.Deploy.0 = Release|Any CPU
		{5496687E-337A-46D7-BA75-6763ADC452DF}.AppStore|x64.ActiveCfg = Release|Any CPU
		{5496687E-337A-46D7-BA75-6763ADC452DF}.AppStore|x64.Build.0 = Release|Any CPU
		{5496687E-337A-46D7-BA75-6763ADC452DF}.AppStore|x64.Deploy.0 = Release|Any CPU
		{5496687E-337A-46D7-BA75-6763ADC452DF}.AppStore|x86.ActiveCfg = Release|Any CPU
		{5496687E-337A-46D7-BA75-6763ADC452DF}.AppStore|x86.Build.0 = Release|Any CPU
		{5496687E-337A-46D7-BA75-6763ADC452DF}.AppStore|x86.Deploy.0 = Release|Any CPU
		{5496687E-337A-46D7-BA75-6763ADC452DF}.Debug|Any CPU.ActiveCfg = Debug|Any CPU
		{5496687E-337A-46D7-BA75-6763ADC452DF}.Debug|Any CPU.Build.0 = Debug|Any CPU
		{5496687E-337A-46D7-BA75-6763ADC452DF}.Debug|Any CPU.Deploy.0 = Debug|Any CPU
		{5496687E-337A-46D7-BA75-6763ADC452DF}.Debug|ARM.ActiveCfg = Debug|Any CPU
		{5496687E-337A-46D7-BA75-6763ADC452DF}.Debug|ARM.Build.0 = Debug|Any CPU
		{5496687E-337A-46D7-BA75-6763ADC452DF}.Debug|ARM.Deploy.0 = Debug|Any CPU
		{5496687E-337A-46D7-BA75-6763ADC452DF}.Debug|iPhone.ActiveCfg = Debug|Any CPU
		{5496687E-337A-46D7-BA75-6763ADC452DF}.Debug|iPhone.Build.0 = Debug|Any CPU
		{5496687E-337A-46D7-BA75-6763ADC452DF}.Debug|iPhone.Deploy.0 = Debug|Any CPU
		{5496687E-337A-46D7-BA75-6763ADC452DF}.Debug|iPhoneSimulator.ActiveCfg = Debug|Any CPU
		{5496687E-337A-46D7-BA75-6763ADC452DF}.Debug|iPhoneSimulator.Build.0 = Debug|Any CPU
		{5496687E-337A-46D7-BA75-6763ADC452DF}.Debug|iPhoneSimulator.Deploy.0 = Debug|Any CPU
		{5496687E-337A-46D7-BA75-6763ADC452DF}.Debug|x64.ActiveCfg = Debug|Any CPU
		{5496687E-337A-46D7-BA75-6763ADC452DF}.Debug|x64.Build.0 = Debug|Any CPU
		{5496687E-337A-46D7-BA75-6763ADC452DF}.Debug|x64.Deploy.0 = Debug|Any CPU
		{5496687E-337A-46D7-BA75-6763ADC452DF}.Debug|x86.ActiveCfg = Debug|Any CPU
		{5496687E-337A-46D7-BA75-6763ADC452DF}.Debug|x86.Build.0 = Debug|Any CPU
		{5496687E-337A-46D7-BA75-6763ADC452DF}.Debug|x86.Deploy.0 = Debug|Any CPU
		{5496687E-337A-46D7-BA75-6763ADC452DF}.Release|Any CPU.ActiveCfg = Release|Any CPU
		{5496687E-337A-46D7-BA75-6763ADC452DF}.Release|Any CPU.Build.0 = Release|Any CPU
		{5496687E-337A-46D7-BA75-6763ADC452DF}.Release|Any CPU.Deploy.0 = Release|Any CPU
		{5496687E-337A-46D7-BA75-6763ADC452DF}.Release|ARM.ActiveCfg = Release|Any CPU
		{5496687E-337A-46D7-BA75-6763ADC452DF}.Release|ARM.Build.0 = Release|Any CPU
		{5496687E-337A-46D7-BA75-6763ADC452DF}.Release|ARM.Deploy.0 = Release|Any CPU
		{5496687E-337A-46D7-BA75-6763ADC452DF}.Release|iPhone.ActiveCfg = Release|Any CPU
		{5496687E-337A-46D7-BA75-6763ADC452DF}.Release|iPhone.Build.0 = Release|Any CPU
		{5496687E-337A-46D7-BA75-6763ADC452DF}.Release|iPhone.Deploy.0 = Release|Any CPU
		{5496687E-337A-46D7-BA75-6763ADC452DF}.Release|iPhoneSimulator.ActiveCfg = Release|Any CPU
		{5496687E-337A-46D7-BA75-6763ADC452DF}.Release|iPhoneSimulator.Build.0 = Release|Any CPU
		{5496687E-337A-46D7-BA75-6763ADC452DF}.Release|iPhoneSimulator.Deploy.0 = Release|Any CPU
		{5496687E-337A-46D7-BA75-6763ADC452DF}.Release|x64.ActiveCfg = Release|Any CPU
		{5496687E-337A-46D7-BA75-6763ADC452DF}.Release|x64.Build.0 = Release|Any CPU
		{5496687E-337A-46D7-BA75-6763ADC452DF}.Release|x64.Deploy.0 = Release|Any CPU
		{5496687E-337A-46D7-BA75-6763ADC452DF}.Release|x86.ActiveCfg = Release|Any CPU
		{5496687E-337A-46D7-BA75-6763ADC452DF}.Release|x86.Build.0 = Release|Any CPU
		{5496687E-337A-46D7-BA75-6763ADC452DF}.Release|x86.Deploy.0 = Release|Any CPU
		{7F0FD45C-CD34-408F-A38D-854E6AEB4F04}.Ad-Hoc|Any CPU.ActiveCfg = Ad-Hoc|iPhone
		{7F0FD45C-CD34-408F-A38D-854E6AEB4F04}.Ad-Hoc|ARM.ActiveCfg = Ad-Hoc|iPhone
		{7F0FD45C-CD34-408F-A38D-854E6AEB4F04}.Ad-Hoc|iPhone.ActiveCfg = Ad-Hoc|iPhone
		{7F0FD45C-CD34-408F-A38D-854E6AEB4F04}.Ad-Hoc|iPhone.Build.0 = Ad-Hoc|iPhone
		{7F0FD45C-CD34-408F-A38D-854E6AEB4F04}.Ad-Hoc|iPhoneSimulator.ActiveCfg = Ad-Hoc|iPhoneSimulator
		{7F0FD45C-CD34-408F-A38D-854E6AEB4F04}.Ad-Hoc|iPhoneSimulator.Build.0 = Ad-Hoc|iPhoneSimulator
		{7F0FD45C-CD34-408F-A38D-854E6AEB4F04}.Ad-Hoc|x64.ActiveCfg = Ad-Hoc|iPhone
		{7F0FD45C-CD34-408F-A38D-854E6AEB4F04}.Ad-Hoc|x86.ActiveCfg = Ad-Hoc|iPhone
		{7F0FD45C-CD34-408F-A38D-854E6AEB4F04}.AppStore|Any CPU.ActiveCfg = AppStore|iPhone
		{7F0FD45C-CD34-408F-A38D-854E6AEB4F04}.AppStore|ARM.ActiveCfg = AppStore|iPhone
		{7F0FD45C-CD34-408F-A38D-854E6AEB4F04}.AppStore|iPhone.ActiveCfg = AppStore|iPhone
		{7F0FD45C-CD34-408F-A38D-854E6AEB4F04}.AppStore|iPhone.Build.0 = AppStore|iPhone
		{7F0FD45C-CD34-408F-A38D-854E6AEB4F04}.AppStore|iPhoneSimulator.ActiveCfg = AppStore|iPhoneSimulator
		{7F0FD45C-CD34-408F-A38D-854E6AEB4F04}.AppStore|iPhoneSimulator.Build.0 = AppStore|iPhoneSimulator
		{7F0FD45C-CD34-408F-A38D-854E6AEB4F04}.AppStore|x64.ActiveCfg = AppStore|iPhone
		{7F0FD45C-CD34-408F-A38D-854E6AEB4F04}.AppStore|x86.ActiveCfg = AppStore|iPhone
		{7F0FD45C-CD34-408F-A38D-854E6AEB4F04}.Debug|Any CPU.ActiveCfg = Debug|iPhone
		{7F0FD45C-CD34-408F-A38D-854E6AEB4F04}.Debug|ARM.ActiveCfg = Debug|iPhone
		{7F0FD45C-CD34-408F-A38D-854E6AEB4F04}.Debug|iPhone.ActiveCfg = Debug|iPhone
		{7F0FD45C-CD34-408F-A38D-854E6AEB4F04}.Debug|iPhone.Build.0 = Debug|iPhone
		{7F0FD45C-CD34-408F-A38D-854E6AEB4F04}.Debug|iPhoneSimulator.ActiveCfg = Debug|iPhoneSimulator
		{7F0FD45C-CD34-408F-A38D-854E6AEB4F04}.Debug|iPhoneSimulator.Build.0 = Debug|iPhoneSimulator
		{7F0FD45C-CD34-408F-A38D-854E6AEB4F04}.Debug|x64.ActiveCfg = Debug|iPhone
		{7F0FD45C-CD34-408F-A38D-854E6AEB4F04}.Debug|x86.ActiveCfg = Debug|iPhone
		{7F0FD45C-CD34-408F-A38D-854E6AEB4F04}.Release|Any CPU.ActiveCfg = Release|iPhone
		{7F0FD45C-CD34-408F-A38D-854E6AEB4F04}.Release|ARM.ActiveCfg = Release|iPhone
		{7F0FD45C-CD34-408F-A38D-854E6AEB4F04}.Release|iPhone.ActiveCfg = Release|iPhone
		{7F0FD45C-CD34-408F-A38D-854E6AEB4F04}.Release|iPhone.Build.0 = Release|iPhone
		{7F0FD45C-CD34-408F-A38D-854E6AEB4F04}.Release|iPhoneSimulator.ActiveCfg = Release|iPhoneSimulator
		{7F0FD45C-CD34-408F-A38D-854E6AEB4F04}.Release|iPhoneSimulator.Build.0 = Release|iPhoneSimulator
		{7F0FD45C-CD34-408F-A38D-854E6AEB4F04}.Release|x64.ActiveCfg = Release|iPhone
		{7F0FD45C-CD34-408F-A38D-854E6AEB4F04}.Release|x86.ActiveCfg = Release|iPhone
		{6F183DFD-76B7-4ED9-B632-49DB3DE632FA}.Ad-Hoc|Any CPU.ActiveCfg = Release|x86
		{6F183DFD-76B7-4ED9-B632-49DB3DE632FA}.Ad-Hoc|Any CPU.Build.0 = Release|x86
		{6F183DFD-76B7-4ED9-B632-49DB3DE632FA}.Ad-Hoc|Any CPU.Deploy.0 = Release|x86
		{6F183DFD-76B7-4ED9-B632-49DB3DE632FA}.Ad-Hoc|ARM.ActiveCfg = Release|ARM
		{6F183DFD-76B7-4ED9-B632-49DB3DE632FA}.Ad-Hoc|ARM.Build.0 = Release|ARM
		{6F183DFD-76B7-4ED9-B632-49DB3DE632FA}.Ad-Hoc|ARM.Deploy.0 = Release|ARM
		{6F183DFD-76B7-4ED9-B632-49DB3DE632FA}.Ad-Hoc|iPhone.ActiveCfg = Release|x86
		{6F183DFD-76B7-4ED9-B632-49DB3DE632FA}.Ad-Hoc|iPhone.Build.0 = Release|x86
		{6F183DFD-76B7-4ED9-B632-49DB3DE632FA}.Ad-Hoc|iPhone.Deploy.0 = Release|x86
		{6F183DFD-76B7-4ED9-B632-49DB3DE632FA}.Ad-Hoc|iPhoneSimulator.ActiveCfg = Release|x86
		{6F183DFD-76B7-4ED9-B632-49DB3DE632FA}.Ad-Hoc|iPhoneSimulator.Build.0 = Release|x86
		{6F183DFD-76B7-4ED9-B632-49DB3DE632FA}.Ad-Hoc|iPhoneSimulator.Deploy.0 = Release|x86
		{6F183DFD-76B7-4ED9-B632-49DB3DE632FA}.Ad-Hoc|x64.ActiveCfg = Release|x64
		{6F183DFD-76B7-4ED9-B632-49DB3DE632FA}.Ad-Hoc|x64.Build.0 = Release|x64
		{6F183DFD-76B7-4ED9-B632-49DB3DE632FA}.Ad-Hoc|x64.Deploy.0 = Release|x64
		{6F183DFD-76B7-4ED9-B632-49DB3DE632FA}.Ad-Hoc|x86.ActiveCfg = Release|x86
		{6F183DFD-76B7-4ED9-B632-49DB3DE632FA}.Ad-Hoc|x86.Build.0 = Release|x86
		{6F183DFD-76B7-4ED9-B632-49DB3DE632FA}.Ad-Hoc|x86.Deploy.0 = Release|x86
		{6F183DFD-76B7-4ED9-B632-49DB3DE632FA}.AppStore|Any CPU.ActiveCfg = Release|x86
		{6F183DFD-76B7-4ED9-B632-49DB3DE632FA}.AppStore|Any CPU.Build.0 = Release|x86
		{6F183DFD-76B7-4ED9-B632-49DB3DE632FA}.AppStore|Any CPU.Deploy.0 = Release|x86
		{6F183DFD-76B7-4ED9-B632-49DB3DE632FA}.AppStore|ARM.ActiveCfg = Release|ARM
		{6F183DFD-76B7-4ED9-B632-49DB3DE632FA}.AppStore|ARM.Build.0 = Release|ARM
		{6F183DFD-76B7-4ED9-B632-49DB3DE632FA}.AppStore|ARM.Deploy.0 = Release|ARM
		{6F183DFD-76B7-4ED9-B632-49DB3DE632FA}.AppStore|iPhone.ActiveCfg = Release|x86
		{6F183DFD-76B7-4ED9-B632-49DB3DE632FA}.AppStore|iPhone.Build.0 = Release|x86
		{6F183DFD-76B7-4ED9-B632-49DB3DE632FA}.AppStore|iPhone.Deploy.0 = Release|x86
		{6F183DFD-76B7-4ED9-B632-49DB3DE632FA}.AppStore|iPhoneSimulator.ActiveCfg = Release|x86
		{6F183DFD-76B7-4ED9-B632-49DB3DE632FA}.AppStore|iPhoneSimulator.Build.0 = Release|x86
		{6F183DFD-76B7-4ED9-B632-49DB3DE632FA}.AppStore|iPhoneSimulator.Deploy.0 = Release|x86
		{6F183DFD-76B7-4ED9-B632-49DB3DE632FA}.AppStore|x64.ActiveCfg = Release|x64
		{6F183DFD-76B7-4ED9-B632-49DB3DE632FA}.AppStore|x64.Build.0 = Release|x64
		{6F183DFD-76B7-4ED9-B632-49DB3DE632FA}.AppStore|x64.Deploy.0 = Release|x64
		{6F183DFD-76B7-4ED9-B632-49DB3DE632FA}.AppStore|x86.ActiveCfg = Release|x86
		{6F183DFD-76B7-4ED9-B632-49DB3DE632FA}.AppStore|x86.Build.0 = Release|x86
		{6F183DFD-76B7-4ED9-B632-49DB3DE632FA}.AppStore|x86.Deploy.0 = Release|x86
		{6F183DFD-76B7-4ED9-B632-49DB3DE632FA}.Debug|Any CPU.ActiveCfg = Debug|x86
		{6F183DFD-76B7-4ED9-B632-49DB3DE632FA}.Debug|ARM.ActiveCfg = Debug|ARM
		{6F183DFD-76B7-4ED9-B632-49DB3DE632FA}.Debug|ARM.Build.0 = Debug|ARM
		{6F183DFD-76B7-4ED9-B632-49DB3DE632FA}.Debug|ARM.Deploy.0 = Debug|ARM
		{6F183DFD-76B7-4ED9-B632-49DB3DE632FA}.Debug|iPhone.ActiveCfg = Debug|x86
		{6F183DFD-76B7-4ED9-B632-49DB3DE632FA}.Debug|iPhoneSimulator.ActiveCfg = Debug|x86
		{6F183DFD-76B7-4ED9-B632-49DB3DE632FA}.Debug|x64.ActiveCfg = Debug|x64
		{6F183DFD-76B7-4ED9-B632-49DB3DE632FA}.Debug|x64.Build.0 = Debug|x64
		{6F183DFD-76B7-4ED9-B632-49DB3DE632FA}.Debug|x64.Deploy.0 = Debug|x64
		{6F183DFD-76B7-4ED9-B632-49DB3DE632FA}.Debug|x86.ActiveCfg = Debug|x86
		{6F183DFD-76B7-4ED9-B632-49DB3DE632FA}.Debug|x86.Build.0 = Debug|x86
		{6F183DFD-76B7-4ED9-B632-49DB3DE632FA}.Debug|x86.Deploy.0 = Debug|x86
		{6F183DFD-76B7-4ED9-B632-49DB3DE632FA}.Release|Any CPU.ActiveCfg = Release|x86
		{6F183DFD-76B7-4ED9-B632-49DB3DE632FA}.Release|ARM.ActiveCfg = Release|ARM
		{6F183DFD-76B7-4ED9-B632-49DB3DE632FA}.Release|ARM.Build.0 = Release|ARM
		{6F183DFD-76B7-4ED9-B632-49DB3DE632FA}.Release|ARM.Deploy.0 = Release|ARM
		{6F183DFD-76B7-4ED9-B632-49DB3DE632FA}.Release|iPhone.ActiveCfg = Release|x86
		{6F183DFD-76B7-4ED9-B632-49DB3DE632FA}.Release|iPhoneSimulator.ActiveCfg = Release|x86
		{6F183DFD-76B7-4ED9-B632-49DB3DE632FA}.Release|x64.ActiveCfg = Release|x64
		{6F183DFD-76B7-4ED9-B632-49DB3DE632FA}.Release|x64.Build.0 = Release|x64
		{6F183DFD-76B7-4ED9-B632-49DB3DE632FA}.Release|x64.Deploy.0 = Release|x64
		{6F183DFD-76B7-4ED9-B632-49DB3DE632FA}.Release|x86.ActiveCfg = Release|x86
		{6F183DFD-76B7-4ED9-B632-49DB3DE632FA}.Release|x86.Build.0 = Release|x86
		{6F183DFD-76B7-4ED9-B632-49DB3DE632FA}.Release|x86.Deploy.0 = Release|x86
	EndGlobalSection
	GlobalSection(SolutionProperties) = preSolution
		HideSolutionNode = FALSE
	EndGlobalSection
EndGlobal
